
Microsoft Visual Studio Solution File, Format Version 12.00
# Visual Studio 15
VisualStudioVersion = 15.0.27130.2010
MinimumVisualStudioVersion = 10.0.40219.1
Project("{FAE04EC0-301F-11D3-BF4B-00C04F79EFBC}") = "ConsoleProject", "ConsoleProject\ConsoleProject.csproj", "{42192FC4-51F5-4812-973E-CE9FBF15541F}"
	ProjectSection(ProjectDependencies) = postProject
		{C5CCE980-A544-4F0C-B144-67EEB3E33774} = {C5CCE980-A544-4F0C-B144-67EEB3E33774}
	EndProjectSection
EndProject
Project("{FAE04EC0-301F-11D3-BF4B-00C04F79EFBC}") = "HelloWorldAPI", "HelloWorldAPI\HelloWorldAPI.csproj", "{C5CCE980-A544-4F0C-B144-67EEB3E33774}"
EndProject
Project("{FAE04EC0-301F-11D3-BF4B-00C04F79EFBC}") = "HelloWorldAPI.Tests", "HelloWorldAPI.Tests\HelloWorldAPI.Tests.csproj", "{A44C52DC-2390-4D61-923B-A88B02D0FBD5}"
EndProject
Project("{FAE04EC0-301F-11D3-BF4B-00C04F79EFBC}") = "DataLayer", "DataLayer\DataLayer.csproj", "{4BE13DFD-290A-4E28-B847-CC7AFBFD81F4}"
EndProject
Project("{FAE04EC0-301F-11D3-BF4B-00C04F79EFBC}") = "BusinessLogic", "BusinessLogic\BusinessLogic.csproj", "{48FF2081-2F0B-42F8-BBFE-8C7D93C69989}"
EndProject
Global
	GlobalSection(SolutionConfigurationPlatforms) = preSolution
		Debug|Any CPU = Debug|Any CPU
		Release|Any CPU = Release|Any CPU
	EndGlobalSection
	GlobalSection(ProjectConfigurationPlatforms) = postSolution
		{42192FC4-51F5-4812-973E-CE9FBF15541F}.Debug|Any CPU.ActiveCfg = Debug|Any CPU
		{42192FC4-51F5-4812-973E-CE9FBF15541F}.Debug|Any CPU.Build.0 = Debug|Any CPU
		{42192FC4-51F5-4812-973E-CE9FBF15541F}.Release|Any CPU.ActiveCfg = Release|Any CPU
		{42192FC4-51F5-4812-973E-CE9FBF15541F}.Release|Any CPU.Build.0 = Release|Any CPU
		{C5CCE980-A544-4F0C-B144-67EEB3E33774}.Debug|Any CPU.ActiveCfg = Debug|Any CPU
		{C5CCE980-A544-4F0C-B144-67EEB3E33774}.Debug|Any CPU.Build.0 = Debug|Any CPU
		{C5CCE980-A544-4F0C-B144-67EEB3E33774}.Release|Any CPU.ActiveCfg = Release|Any CPU
		{C5CCE980-A544-4F0C-B144-67EEB3E33774}.Release|Any CPU.Build.0 = Release|Any CPU
		{A44C52DC-2390-4D61-923B-A88B02D0FBD5}.Debug|Any CPU.ActiveCfg = Debug|Any CPU
		{A44C52DC-2390-4D61-923B-A88B02D0FBD5}.Debug|Any CPU.Build.0 = Debug|Any CPU
		{A44C52DC-2390-4D61-923B-A88B02D0FBD5}.Release|Any CPU.ActiveCfg = Release|Any CPU
		{A44C52DC-2390-4D61-923B-A88B02D0FBD5}.Release|Any CPU.Build.0 = Release|Any CPU
		{4BE13DFD-290A-4E28-B847-CC7AFBFD81F4}.Debug|Any CPU.ActiveCfg = Debug|Any CPU
		{4BE13DFD-290A-4E28-B847-CC7AFBFD81F4}.Debug|Any CPU.Build.0 = Debug|Any CPU
		{4BE13DFD-290A-4E28-B847-CC7AFBFD81F4}.Release|Any CPU.ActiveCfg = Release|Any CPU
		{4BE13DFD-290A-4E28-B847-CC7AFBFD81F4}.Release|Any CPU.Build.0 = Release|Any CPU
		{48FF2081-2F0B-42F8-BBFE-8C7D93C69989}.Debug|Any CPU.ActiveCfg = Debug|Any CPU
		{48FF2081-2F0B-42F8-BBFE-8C7D93C69989}.Debug|Any CPU.Build.0 = Debug|Any CPU
		{48FF2081-2F0B-42F8-BBFE-8C7D93C69989}.Release|Any CPU.ActiveCfg = Release|Any CPU
		{48FF2081-2F0B-42F8-BBFE-8C7D93C69989}.Release|Any CPU.Build.0 = Release|Any CPU
	EndGlobalSection
	GlobalSection(SolutionProperties) = preSolution
		HideSolutionNode = FALSE
	EndGlobalSection
	GlobalSection(ExtensibilityGlobals) = postSolution
		SolutionGuid = {E4511597-54A1-4BA3-93E2-9F97FC9FD6F6}
	EndGlobalSection
EndGlobal
